
Microsoft Visual Studio Solution File, Format Version 12.00
# Visual Studio Version 17
VisualStudioVersion = 17.7.34009.444
MinimumVisualStudioVersion = 10.0.40219.1
Project("{FAE04EC0-301F-11D3-BF4B-00C04F79EFBC}") = "H1_OOP_TheQueue", "H1_OOP_TheQueue\H1_OOP_TheQueue.csproj", "{7B9D78E6-7110-4E2D-903F-34D3A29BB6AB}"
EndProject
Global
	GlobalSection(SolutionConfigurationPlatforms) = preSolution
		Debug|Any CPU = Debug|Any CPU
		Release|Any CPU = Release|Any CPU
	EndGlobalSection
	GlobalSection(ProjectConfigurationPlatforms) = postSolution
		{7B9D78E6-7110-4E2D-903F-34D3A29BB6AB}.Debug|Any CPU.ActiveCfg = Debug|Any CPU
		{7B9D78E6-7110-4E2D-903F-34D3A29BB6AB}.Debug|Any CPU.Build.0 = Debug|Any CPU
		{7B9D78E6-7110-4E2D-903F-34D3A29BB6AB}.Release|Any CPU.ActiveCfg = Release|Any CPU
		{7B9D78E6-7110-4E2D-903F-34D3A29BB6AB}.Release|Any CPU.Build.0 = Release|Any CPU
	EndGlobalSection
	GlobalSection(SolutionProperties) = preSolution
		HideSolutionNode = FALSE
	EndGlobalSection
	GlobalSection(ExtensibilityGlobals) = postSolution
		SolutionGuid = {BFC34B7F-D855-4ABE-AEB4-3963802D1EB8}
	EndGlobalSection
EndGlobal
