
Microsoft Visual Studio Solution File, Format Version 12.00
# Visual Studio Version 17
VisualStudioVersion = 17.7.34009.444
MinimumVisualStudioVersion = 10.0.40219.1
Project("{FAE04EC0-301F-11D3-BF4B-00C04F79EFBC}") = "H1_OOP_SortingHat", "H1_OOP_SortingHat\H1_OOP_SortingHat.csproj", "{ADA5C222-0B53-4119-8F7D-2A129D66DB5E}"
EndProject
Global
	GlobalSection(SolutionConfigurationPlatforms) = preSolution
		Debug|Any CPU = Debug|Any CPU
		Release|Any CPU = Release|Any CPU
	EndGlobalSection
	GlobalSection(ProjectConfigurationPlatforms) = postSolution
		{ADA5C222-0B53-4119-8F7D-2A129D66DB5E}.Debug|Any CPU.ActiveCfg = Debug|Any CPU
		{ADA5C222-0B53-4119-8F7D-2A129D66DB5E}.Debug|Any CPU.Build.0 = Debug|Any CPU
		{ADA5C222-0B53-4119-8F7D-2A129D66DB5E}.Release|Any CPU.ActiveCfg = Release|Any CPU
		{ADA5C222-0B53-4119-8F7D-2A129D66DB5E}.Release|Any CPU.Build.0 = Release|Any CPU
	EndGlobalSection
	GlobalSection(SolutionProperties) = preSolution
		HideSolutionNode = FALSE
	EndGlobalSection
	GlobalSection(ExtensibilityGlobals) = postSolution
		SolutionGuid = {5EB0CC1E-F822-4B06-A382-5881333D2556}
	EndGlobalSection
EndGlobal
